
# THIS IS AN AUTOGENERATED FILE. DO NOT EDIT THIS FILE DIRECTLY.
# yarn lockfile v1


"@ampproject/remapping@^2.1.0":
  version "2.2.0"
  resolved "https://registry.yarnpkg.com/@ampproject/remapping/-/remapping-2.2.0.tgz#56c133824780de3174aed5ab6834f3026790154d"
  integrity sha512-qRmjj8nj9qmLTQXXmaR1cck3UXSRMPrbsLJAasZpF+t3riI71BXed5ebIOYwQntykeZuhjsdweEc9BxH5Jc26w==
  dependencies:
    "@jridgewell/gen-mapping" "^0.1.0"
    "@jridgewell/trace-mapping" "^0.3.9"

"@babel/code-frame@^7.0.0", "@babel/code-frame@^7.16.7":
  version "7.16.7"
  resolved "https://registry.yarnpkg.com/@babel/code-frame/-/code-frame-7.16.7.tgz#44416b6bd7624b998f5b1af5d470856c40138789"
  integrity sha512-iAXqUn8IIeBTNd72xsFlgaXHkMBMt6y4HJp1tIaK465CWLT/fG1aqB7ykr95gHHmlBdGbFeWWfyB4NJJ0nmeIg==
  dependencies:
    "@babel/highlight" "^7.16.7"

"@babel/compat-data@^7.13.11", "@babel/compat-data@^7.17.0", "@babel/compat-data@^7.17.10":
  version "7.17.10"
  resolved "https://registry.yarnpkg.com/@babel/compat-data/-/compat-data-7.17.10.tgz#711dc726a492dfc8be8220028b1b92482362baab"
  integrity sha512-GZt/TCsG70Ms19gfZO1tM4CVnXsPgEPBCpJu+Qz3L0LUDsY5nZqFZglIoPC1kIYOtNBZlrnFT+klg12vFGZXrw==

"@babel/core@^7.4.4":
  version "7.17.10"
  resolved "https://registry.yarnpkg.com/@babel/core/-/core-7.17.10.tgz#74ef0fbf56b7dfc3f198fc2d927f4f03e12f4b05"
  integrity sha512-liKoppandF3ZcBnIYFjfSDHZLKdLHGJRkoWtG8zQyGJBQfIYobpnVGI5+pLBNtS6psFLDzyq8+h5HiVljW9PNA==
  dependencies:
    "@ampproject/remapping" "^2.1.0"
    "@babel/code-frame" "^7.16.7"
    "@babel/generator" "^7.17.10"
    "@babel/helper-compilation-targets" "^7.17.10"
    "@babel/helper-module-transforms" "^7.17.7"
    "@babel/helpers" "^7.17.9"
    "@babel/parser" "^7.17.10"
    "@babel/template" "^7.16.7"
    "@babel/traverse" "^7.17.10"
    "@babel/types" "^7.17.10"
    convert-source-map "^1.7.0"
    debug "^4.1.0"
    gensync "^1.0.0-beta.2"
    json5 "^2.2.1"
    semver "^6.3.0"

"@babel/generator@^7.17.10", "@babel/generator@^7.4.4":
  version "7.17.10"
  resolved "https://registry.yarnpkg.com/@babel/generator/-/generator-7.17.10.tgz#c281fa35b0c349bbe9d02916f4ae08fc85ed7189"
  integrity sha512-46MJZZo9y3o4kmhBVc7zW7i8dtR1oIK/sdO5NcfcZRhTGYi+KKJRtHNgsU6c4VUcJmUNV/LQdebD/9Dlv4K+Tg==
  dependencies:
    "@babel/types" "^7.17.10"
    "@jridgewell/gen-mapping" "^0.1.0"
    jsesc "^2.5.1"